
Microsoft Visual Studio Solution File, Format Version 12.00
# Visual Studio Version 17
VisualStudioVersion = 17.4.33213.308
MinimumVisualStudioVersion = 10.0.40219.1
Project("{FAE04EC0-301F-11D3-BF4B-00C04F79EFBC}") = "DataAccess", "DataAccess\DataAccess.csproj", "{C3D0D73C-C39B-46FE-9950-316B72D537F9}"
EndProject
Project("{FAE04EC0-301F-11D3-BF4B-00C04F79EFBC}") = "Business", "Business\Business.csproj", "{1DDFEDEF-D205-450C-9036-CA42113DA050}"
EndProject
Project("{FAE04EC0-301F-11D3-BF4B-00C04F79EFBC}") = "Entities", "Entities\Entities.csproj", "{0529B0C1-A83A-4BDC-82AE-007914D08A62}"
EndProject
Project("{FAE04EC0-301F-11D3-BF4B-00C04F79EFBC}") = "ConsoleApp", "ConsoleApp\ConsoleApp.csproj", "{1739B768-FCFD-44C7-9F27-9419ADF80EAA}"
EndProject
Global
	GlobalSection(SolutionConfigurationPlatforms) = preSolution
		Debug|Any CPU = Debug|Any CPU
		Release|Any CPU = Release|Any CPU
	EndGlobalSection
	GlobalSection(ProjectConfigurationPlatforms) = postSolution
		{C3D0D73C-C39B-46FE-9950-316B72D537F9}.Debug|Any CPU.ActiveCfg = Debug|Any CPU
		{C3D0D73C-C39B-46FE-9950-316B72D537F9}.Debug|Any CPU.Build.0 = Debug|Any CPU
		{C3D0D73C-C39B-46FE-9950-316B72D537F9}.Release|Any CPU.ActiveCfg = Release|Any CPU
		{C3D0D73C-C39B-46FE-9950-316B72D537F9}.Release|Any CPU.Build.0 = Release|Any CPU
		{1DDFEDEF-D205-450C-9036-CA42113DA050}.Debug|Any CPU.ActiveCfg = Debug|Any CPU
		{1DDFEDEF-D205-450C-9036-CA42113DA050}.Debug|Any CPU.Build.0 = Debug|Any CPU
		{1DDFEDEF-D205-450C-9036-CA42113DA050}.Release|Any CPU.ActiveCfg = Release|Any CPU
		{1DDFEDEF-D205-450C-9036-CA42113DA050}.Release|Any CPU.Build.0 = Release|Any CPU
		{0529B0C1-A83A-4BDC-82AE-007914D08A62}.Debug|Any CPU.ActiveCfg = Debug|Any CPU
		{0529B0C1-A83A-4BDC-82AE-007914D08A62}.Debug|Any CPU.Build.0 = Debug|Any CPU
		{0529B0C1-A83A-4BDC-82AE-007914D08A62}.Release|Any CPU.ActiveCfg = Release|Any CPU
		{0529B0C1-A83A-4BDC-82AE-007914D08A62}.Release|Any CPU.Build.0 = Release|Any CPU
		{1739B768-FCFD-44C7-9F27-9419ADF80EAA}.Debug|Any CPU.ActiveCfg = Debug|Any CPU
		{1739B768-FCFD-44C7-9F27-9419ADF80EAA}.Debug|Any CPU.Build.0 = Debug|Any CPU
		{1739B768-FCFD-44C7-9F27-9419ADF80EAA}.Release|Any CPU.ActiveCfg = Release|Any CPU
		{1739B768-FCFD-44C7-9F27-9419ADF80EAA}.Release|Any CPU.Build.0 = Release|Any CPU
	EndGlobalSection
	GlobalSection(SolutionProperties) = preSolution
		HideSolutionNode = FALSE
	EndGlobalSection
	GlobalSection(ExtensibilityGlobals) = postSolution
		SolutionGuid = {BE66245D-84D1-4424-A425-C48BEE28F4B5}
	EndGlobalSection
EndGlobal
